
Microsoft Visual Studio Solution File, Format Version 12.00
# Visual Studio Version 17
VisualStudioVersion = 17.9.34607.119
MinimumVisualStudioVersion = 10.0.40219.1
Project("{FAE04EC0-301F-11D3-BF4B-00C04F79EFBC}") = "Ulomek", "Ulomek\Ulomek.csproj", "{2DC6EA05-1DC1-4F37-9596-622D0A340C65}"
EndProject
Project("{FAE04EC0-301F-11D3-BF4B-00C04F79EFBC}") = "Kocka", "Kocka\Kocka.csproj", "{09E41883-EC97-4B13-A163-1D3BFE8CA120}"
EndProject
Project("{FAE04EC0-301F-11D3-BF4B-00C04F79EFBC}") = "Vektor3D", "Vektor3D\Vektor3D.csproj", "{02E1D014-7C0A-4898-89ED-B43242555AB3}"
EndProject
Global
	GlobalSection(SolutionConfigurationPlatforms) = preSolution
		Debug|Any CPU = Debug|Any CPU
		Release|Any CPU = Release|Any CPU
	EndGlobalSection
	GlobalSection(ProjectConfigurationPlatforms) = postSolution
		{2DC6EA05-1DC1-4F37-9596-622D0A340C65}.Debug|Any CPU.ActiveCfg = Debug|Any CPU
		{2DC6EA05-1DC1-4F37-9596-622D0A340C65}.Debug|Any CPU.Build.0 = Debug|Any CPU
		{2DC6EA05-1DC1-4F37-9596-622D0A340C65}.Release|Any CPU.ActiveCfg = Release|Any CPU
		{2DC6EA05-1DC1-4F37-9596-622D0A340C65}.Release|Any CPU.Build.0 = Release|Any CPU
		{09E41883-EC97-4B13-A163-1D3BFE8CA120}.Debug|Any CPU.ActiveCfg = Debug|Any CPU
		{09E41883-EC97-4B13-A163-1D3BFE8CA120}.Debug|Any CPU.Build.0 = Debug|Any CPU
		{09E41883-EC97-4B13-A163-1D3BFE8CA120}.Release|Any CPU.ActiveCfg = Release|Any CPU
		{09E41883-EC97-4B13-A163-1D3BFE8CA120}.Release|Any CPU.Build.0 = Release|Any CPU
		{02E1D014-7C0A-4898-89ED-B43242555AB3}.Debug|Any CPU.ActiveCfg = Debug|Any CPU
		{02E1D014-7C0A-4898-89ED-B43242555AB3}.Debug|Any CPU.Build.0 = Debug|Any CPU
		{02E1D014-7C0A-4898-89ED-B43242555AB3}.Release|Any CPU.ActiveCfg = Release|Any CPU
		{02E1D014-7C0A-4898-89ED-B43242555AB3}.Release|Any CPU.Build.0 = Release|Any CPU
	EndGlobalSection
	GlobalSection(SolutionProperties) = preSolution
		HideSolutionNode = FALSE
	EndGlobalSection
	GlobalSection(ExtensibilityGlobals) = postSolution
		SolutionGuid = {A6529843-E2B1-4615-BE06-53293CBB0B52}
	EndGlobalSection
EndGlobal
